
Microsoft Visual Studio Solution File, Format Version 12.00
# Visual Studio Version 16
VisualStudioVersion = 16.0.30804.86
MinimumVisualStudioVersion = 10.0.40219.1
Project("{9A19103F-16F7-4668-BE54-9A1E7A4F7556}") = "DataAccess", "DataAccess\DataAccess.csproj", "{A3C49790-E46E-4F70-931E-5CDF17C7C4AF}"
EndProject
Project("{9A19103F-16F7-4668-BE54-9A1E7A4F7556}") = "Business", "Business\Business.csproj", "{0C81076A-9872-488E-9C2D-5B872E656997}"
EndProject
Project("{9A19103F-16F7-4668-BE54-9A1E7A4F7556}") = "Entities", "Entities\Entities.csproj", "{42F563CA-C883-472B-A245-1E90624DF5E5}"
EndProject
Project("{9A19103F-16F7-4668-BE54-9A1E7A4F7556}") = "ConsoleUI", "Console\ConsoleUI.csproj", "{2D9F69FF-906E-418C-97DC-0EEEC84E7052}"
EndProject
Project("{9A19103F-16F7-4668-BE54-9A1E7A4F7556}") = "Core", "Core\Core.csproj", "{398538F4-FACF-4663-B638-CD5C5311CCB1}"
EndProject
Project("{FAE04EC0-301F-11D3-BF4B-00C04F79EFBC}") = "WebAPI", "WebAPI\WebAPI.csproj", "{D2030B82-101B-487A-8459-A8C825A5C36B}"
EndProject
Global
	GlobalSection(SolutionConfigurationPlatforms) = preSolution
		Debug|Any CPU = Debug|Any CPU
		Release|Any CPU = Release|Any CPU
	EndGlobalSection
	GlobalSection(ProjectConfigurationPlatforms) = postSolution
		{A3C49790-E46E-4F70-931E-5CDF17C7C4AF}.Debug|Any CPU.ActiveCfg = Debug|Any CPU
		{A3C49790-E46E-4F70-931E-5CDF17C7C4AF}.Debug|Any CPU.Build.0 = Debug|Any CPU
		{A3C49790-E46E-4F70-931E-5CDF17C7C4AF}.Release|Any CPU.ActiveCfg = Release|Any CPU
		{A3C49790-E46E-4F70-931E-5CDF17C7C4AF}.Release|Any CPU.Build.0 = Release|Any CPU
		{0C81076A-9872-488E-9C2D-5B872E656997}.Debug|Any CPU.ActiveCfg = Debug|Any CPU
		{0C81076A-9872-488E-9C2D-5B872E656997}.Debug|Any CPU.Build.0 = Debug|Any CPU
		{0C81076A-9872-488E-9C2D-5B872E656997}.Release|Any CPU.ActiveCfg = Release|Any CPU
		{0C81076A-9872-488E-9C2D-5B872E656997}.Release|Any CPU.Build.0 = Release|Any CPU
		{42F563CA-C883-472B-A245-1E90624DF5E5}.Debug|Any CPU.ActiveCfg = Debug|Any CPU
		{42F563CA-C883-472B-A245-1E90624DF5E5}.Debug|Any CPU.Build.0 = Debug|Any CPU
		{42F563CA-C883-472B-A245-1E90624DF5E5}.Release|Any CPU.ActiveCfg = Release|Any CPU
		{42F563CA-C883-472B-A245-1E90624DF5E5}.Release|Any CPU.Build.0 = Release|Any CPU
		{2D9F69FF-906E-418C-97DC-0EEEC84E7052}.Debug|Any CPU.ActiveCfg = Debug|Any CPU
		{2D9F69FF-906E-418C-97DC-0EEEC84E7052}.Debug|Any CPU.Build.0 = Debug|Any CPU
		{2D9F69FF-906E-418C-97DC-0EEEC84E7052}.Release|Any CPU.ActiveCfg = Release|Any CPU
		{2D9F69FF-906E-418C-97DC-0EEEC84E7052}.Release|Any CPU.Build.0 = Release|Any CPU
		{398538F4-FACF-4663-B638-CD5C5311CCB1}.Debug|Any CPU.ActiveCfg = Debug|Any CPU
		{398538F4-FACF-4663-B638-CD5C5311CCB1}.Debug|Any CPU.Build.0 = Debug|Any CPU
		{398538F4-FACF-4663-B638-CD5C5311CCB1}.Release|Any CPU.ActiveCfg = Release|Any CPU
		{398538F4-FACF-4663-B638-CD5C5311CCB1}.Release|Any CPU.Build.0 = Release|Any CPU
		{D2030B82-101B-487A-8459-A8C825A5C36B}.Debug|Any CPU.ActiveCfg = Debug|Any CPU
		{D2030B82-101B-487A-8459-A8C825A5C36B}.Debug|Any CPU.Build.0 = Debug|Any CPU
		{D2030B82-101B-487A-8459-A8C825A5C36B}.Release|Any CPU.ActiveCfg = Release|Any CPU
		{D2030B82-101B-487A-8459-A8C825A5C36B}.Release|Any CPU.Build.0 = Release|Any CPU
	EndGlobalSection
	GlobalSection(SolutionProperties) = preSolution
		HideSolutionNode = FALSE
	EndGlobalSection
	GlobalSection(ExtensibilityGlobals) = postSolution
		SolutionGuid = {5666F75E-3500-4FC2-8F3C-F5BAD12AA056}
	EndGlobalSection
EndGlobal
